{
  "nodes": {
    "crate2nix-torture": {
      "flake": false,
      "locked": {
        "lastModified": 1772035878,
        "narHash": "sha256-sfXI+E+NBsHORj3YhqLYCHdpqPJ6K2Av2vE7/zC43KY=",
        "ref": "refs/heads/main",
        "rev": "982efa95328b891855ca7c2f8cb4dd1096a34eb8",
        "revCount": 62,
        "type": "git",
        "url": "ssh://forgejo@git.ntd.one/anthropic/crate2nix-torture.git"
      },
      "original": {
        "type": "git",
        "url": "ssh://forgejo@git.ntd.one/anthropic/crate2nix-torture.git"
      }
    },
    "nixpkgs": {
      "locked": {
        "lastModified": 1771923393,
        "narHash": "sha256-Fy0+UXELv9hOE8WjYhJt8fMDLYTU2Dqn3cX4BwoGBos=",
        "owner": "NixOS",
        "repo": "nixpkgs",
        "rev": "ea7f1f06811ce7fcc81d6c6fd4213150c23edcf2",
        "type": "github"
      },
      "original": {
        "owner": "NixOS",
        "ref": "nixpkgs-unstable",
        "repo": "nixpkgs",
        "type": "github"
      }
    },
    "root": {
      "inputs": {
        "crate2nix-torture": "crate2nix-torture",
        "nixpkgs": "nixpkgs"
      }
    }
  },
  "root": "root",
  "version": 7
}
